
Microsoft Visual Studio Solution File, Format Version 12.00
# Visual Studio Version 17
VisualStudioVersion = 17.3.32901.215
MinimumVisualStudioVersion = 10.0.40219.1
Project("{9A19103F-16F7-4668-BE54-9A1E7A4F7556}") = "ActionService", "ActionService\ActionService.csproj", "{8ECDE806-1082-4CEF-97C3-3DFE796ADC74}"
EndProject
Project("{9A19103F-16F7-4668-BE54-9A1E7A4F7556}") = "ApplicationLayer", "Application\ApplicationLayer.csproj", "{11CABBB9-CA96-4508-A371-F59BE25C126A}"
EndProject
Project("{9A19103F-16F7-4668-BE54-9A1E7A4F7556}") = "DomainLayer", "DomainLayer\DomainLayer.csproj", "{151A3E2F-B939-4067-8860-F305906322B8}"
EndProject
Project("{FAE04EC0-301F-11D3-BF4B-00C04F79EFBC}") = "AzureFunction", "AzureFunction\AzureFunction.csproj", "{DCFD3477-3F4B-4D27-A7E9-145C804F64E4}"
EndProject
Global
	GlobalSection(SolutionConfigurationPlatforms) = preSolution
		Debug|Any CPU = Debug|Any CPU
		Release|Any CPU = Release|Any CPU
	EndGlobalSection
	GlobalSection(ProjectConfigurationPlatforms) = postSolution
		{8ECDE806-1082-4CEF-97C3-3DFE796ADC74}.Debug|Any CPU.ActiveCfg = Debug|Any CPU
		{8ECDE806-1082-4CEF-97C3-3DFE796ADC74}.Debug|Any CPU.Build.0 = Debug|Any CPU
		{8ECDE806-1082-4CEF-97C3-3DFE796ADC74}.Release|Any CPU.ActiveCfg = Release|Any CPU
		{8ECDE806-1082-4CEF-97C3-3DFE796ADC74}.Release|Any CPU.Build.0 = Release|Any CPU
		{11CABBB9-CA96-4508-A371-F59BE25C126A}.Debug|Any CPU.ActiveCfg = Debug|Any CPU
		{11CABBB9-CA96-4508-A371-F59BE25C126A}.Debug|Any CPU.Build.0 = Debug|Any CPU
		{11CABBB9-CA96-4508-A371-F59BE25C126A}.Release|Any CPU.ActiveCfg = Release|Any CPU
		{11CABBB9-CA96-4508-A371-F59BE25C126A}.Release|Any CPU.Build.0 = Release|Any CPU
		{151A3E2F-B939-4067-8860-F305906322B8}.Debug|Any CPU.ActiveCfg = Debug|Any CPU
		{151A3E2F-B939-4067-8860-F305906322B8}.Debug|Any CPU.Build.0 = Debug|Any CPU
		{151A3E2F-B939-4067-8860-F305906322B8}.Release|Any CPU.ActiveCfg = Release|Any CPU
		{151A3E2F-B939-4067-8860-F305906322B8}.Release|Any CPU.Build.0 = Release|Any CPU
		{DCFD3477-3F4B-4D27-A7E9-145C804F64E4}.Debug|Any CPU.ActiveCfg = Debug|Any CPU
		{DCFD3477-3F4B-4D27-A7E9-145C804F64E4}.Debug|Any CPU.Build.0 = Debug|Any CPU
		{DCFD3477-3F4B-4D27-A7E9-145C804F64E4}.Release|Any CPU.ActiveCfg = Release|Any CPU
		{DCFD3477-3F4B-4D27-A7E9-145C804F64E4}.Release|Any CPU.Build.0 = Release|Any CPU
	EndGlobalSection
	GlobalSection(SolutionProperties) = preSolution
		HideSolutionNode = FALSE
	EndGlobalSection
	GlobalSection(ExtensibilityGlobals) = postSolution
		SolutionGuid = {FC6AB4FD-671E-48DC-81AD-E1BA22FE9102}
	EndGlobalSection
EndGlobal
